
Microsoft Visual Studio Solution File, Format Version 12.00
# 
Project("{FAE04EC0-301F-11D3-BF4B-00C04F79EFBC}") = "RevenueRecognitionSystem", "RevenueRecognitionSystem\RevenueRecognitionSystem.csproj", "{76AF7295-B68E-4D9C-9B39-5BBC8C06DDC1}"
EndProject
Project("{FAE04EC0-301F-11D3-BF4B-00C04F79EFBC}") = "RevenueRecognitionSystem.Tests", "RevenueRecognitionSystem.Tests\RevenueRecognitionSystem.Tests.csproj", "{8A2DA448-916A-48C8-AC16-EC68E2B93B66}"
EndProject
Global
	GlobalSection(SolutionConfigurationPlatforms) = preSolution
		Debug|Any CPU = Debug|Any CPU
		Release|Any CPU = Release|Any CPU
	EndGlobalSection
	GlobalSection(ProjectConfigurationPlatforms) = postSolution
		{76AF7295-B68E-4D9C-9B39-5BBC8C06DDC1}.Debug|Any CPU.ActiveCfg = Debug|Any CPU
		{76AF7295-B68E-4D9C-9B39-5BBC8C06DDC1}.Debug|Any CPU.Build.0 = Debug|Any CPU
		{76AF7295-B68E-4D9C-9B39-5BBC8C06DDC1}.Release|Any CPU.ActiveCfg = Release|Any CPU
		{76AF7295-B68E-4D9C-9B39-5BBC8C06DDC1}.Release|Any CPU.Build.0 = Release|Any CPU
		{8A2DA448-916A-48C8-AC16-EC68E2B93B66}.Debug|Any CPU.ActiveCfg = Debug|Any CPU
		{8A2DA448-916A-48C8-AC16-EC68E2B93B66}.Debug|Any CPU.Build.0 = Debug|Any CPU
		{8A2DA448-916A-48C8-AC16-EC68E2B93B66}.Release|Any CPU.ActiveCfg = Release|Any CPU
		{8A2DA448-916A-48C8-AC16-EC68E2B93B66}.Release|Any CPU.Build.0 = Release|Any CPU
	EndGlobalSection
EndGlobal
